// !$*UTF8*$!
{
	archiveVersion = 1;
	classes = {
	};
	objectVersion = 56;
	objects = {

/* Begin PBXBuildFile section */
		A40000000000000000000001 /* NTsocialMeshLinkApp.swift in Sources */ = {isa = PBXBuildFile; fileRef = A30000000000000000000001 /* NTsocialMeshLinkApp.swift */; };
		A40000000000000000000002 /* ComposeRootView.swift in Sources */ = {isa = PBXBuildFile; fileRef = A30000000000000000000002 /* ComposeRootView.swift */; };
		A40000000000000000000008 /* BarcodeScannerHost.swift in Sources */ = {isa = PBXBuildFile; fileRef = A3000000000000000000000E /* BarcodeScannerHost.swift */; };
		A40000000000000000000004 /* AppleGatewayBootstrap.swift in Sources */ = {isa = PBXBuildFile; fileRef = A30000000000000000000007 /* AppleGatewayBootstrap.swift */; };
		A40000000000000000000005 /* PrivacyInfo.xcprivacy in Resources */ = {isa = PBXBuildFile; fileRef = A30000000000000000000008 /* PrivacyInfo.xcprivacy */; };
		A40000000000000000000006 /* Assets.xcassets in Resources */ = {isa = PBXBuildFile; fileRef = A30000000000000000000009 /* Assets.xcassets */; };
		A40000000000000000000007 /* InfoPlist.strings in Resources */ = {isa = PBXBuildFile; fileRef = A20000000000000000000005 /* InfoPlist.strings */; };
/* End PBXBuildFile section */

/* Begin PBXFileReference section */
		A3000000000000000000000F /* Signing.xcconfig */ = {isa = PBXFileReference; lastKnownFileType = text.xcconfig; path = Config/Signing.xcconfig; sourceTree = "<group>"; };
		A30000000000000000000001 /* NTsocialMeshLinkApp.swift */ = {isa = PBXFileReference; lastKnownFileType = sourcecode.swift; path = NTsocialMeshLinkApp.swift; sourceTree = "<group>"; };
		A30000000000000000000002 /* ComposeRootView.swift */ = {isa = PBXFileReference; lastKnownFileType = sourcecode.swift; path = ComposeRootView.swift; sourceTree = "<group>"; };
		A3000000000000000000000E /* BarcodeScannerHost.swift */ = {isa = PBXFileReference; lastKnownFileType = sourcecode.swift; path = BarcodeScannerHost.swift; sourceTree = "<group>"; };
		A30000000000000000000003 /* Info.plist */ = {isa = PBXFileReference; lastKnownFileType = text.plist.xml; path = Info.plist; sourceTree = "<group>"; };
		A30000000000000000000004 /* NTsocialMeshLink.entitlements */ = {isa = PBXFileReference; lastKnownFileType = text.plist.entitlements; path = NTsocialMeshLink.entitlements; sourceTree = "<group>"; };
		A30000000000000000000005 /* NTsocial MeshLink.app */ = {isa = PBXFileReference; explicitFileType = wrapper.application; includeInIndex = 0; path = "NTsocial MeshLink.app"; sourceTree = BUILT_PRODUCTS_DIR; };
		A30000000000000000000007 /* AppleGatewayBootstrap.swift */ = {isa = PBXFileReference; lastKnownFileType = sourcecode.swift; path = AppleGatewayBootstrap.swift; sourceTree = "<group>"; };
		A30000000000000000000008 /* PrivacyInfo.xcprivacy */ = {isa = PBXFileReference; lastKnownFileType = text.plist.xml; path = PrivacyInfo.xcprivacy; sourceTree = "<group>"; };
		A30000000000000000000009 /* Assets.xcassets */ = {isa = PBXFileReference; lastKnownFileType = folder.assetcatalog; path = Assets.xcassets; sourceTree = "<group>"; };
		A3000000000000000000000A /* normalize_skiko_icu_archive.sh */ = {isa = PBXFileReference; lastKnownFileType = text.script.sh; path = normalize_skiko_icu_archive.sh; sourceTree = "<group>"; };
		A3000000000000000000000B /* en */ = {isa = PBXFileReference; lastKnownFileType = text.plist.strings; name = en; path = en.lproj/InfoPlist.strings; sourceTree = "<group>"; };
		A3000000000000000000000C /* ja */ = {isa = PBXFileReference; lastKnownFileType = text.plist.strings; name = ja; path = ja.lproj/InfoPlist.strings; sourceTree = "<group>"; };
		A3000000000000000000000D /* zh-Hant */ = {isa = PBXFileReference; lastKnownFileType = text.plist.strings; name = "zh-Hant"; path = "zh-Hant.lproj/InfoPlist.strings"; sourceTree = "<group>"; };
/* End PBXFileReference section */

/* Begin PBXFrameworksBuildPhase section */
		A50000000000000000000003 /* Frameworks */ = {
			isa = PBXFrameworksBuildPhase;
			buildActionMask = 2147483647;
			files = (
			);
			runOnlyForDeploymentPostprocessing = 0;
		};
/* End PBXFrameworksBuildPhase section */

/* Begin PBXGroup section */
		A20000000000000000000001 = {
			isa = PBXGroup;
			children = (
				A3000000000000000000000F /* Signing.xcconfig */,
				A20000000000000000000003 /* NTsocialMeshLink */,
				A20000000000000000000004 /* Tools */,
				A20000000000000000000002 /* Products */,
			);
			sourceTree = "<group>";
		};
		A20000000000000000000002 /* Products */ = {
			isa = PBXGroup;
			children = (
				A30000000000000000000005 /* NTsocial MeshLink.app */,
			);
			name = Products;
			sourceTree = "<group>";
		};
		A20000000000000000000003 /* NTsocialMeshLink */ = {
			isa = PBXGroup;
			children = (
				A30000000000000000000001 /* NTsocialMeshLinkApp.swift */,
				A30000000000000000000002 /* ComposeRootView.swift */,
				A3000000000000000000000E /* BarcodeScannerHost.swift */,
				A30000000000000000000007 /* AppleGatewayBootstrap.swift */,
				A30000000000000000000003 /* Info.plist */,
				A20000000000000000000005 /* InfoPlist.strings */,
				A30000000000000000000004 /* NTsocialMeshLink.entitlements */,
				A30000000000000000000008 /* PrivacyInfo.xcprivacy */,
				A30000000000000000000009 /* Assets.xcassets */,
			);
			path = NTsocialMeshLink;
			sourceTree = "<group>";
		};
		A20000000000000000000004 /* Tools */ = {
			isa = PBXGroup;
			children = (
				A3000000000000000000000A /* normalize_skiko_icu_archive.sh */,
			);
			path = Tools;
			sourceTree = "<group>";
		};
/* End PBXGroup section */

/* Begin PBXVariantGroup section */
		A20000000000000000000005 /* InfoPlist.strings */ = {
			isa = PBXVariantGroup;
			children = (
				A3000000000000000000000B /* en */,
				A3000000000000000000000C /* ja */,
				A3000000000000000000000D /* zh-Hant */,
			);
			name = InfoPlist.strings;
			sourceTree = "<group>";
		};
/* End PBXVariantGroup section */

/* Begin PBXNativeTarget section */
		A10000000000000000000001 /* NTsocialMeshLink */ = {
			isa = PBXNativeTarget;
			buildConfigurationList = A70000000000000000000002 /* Build configuration list for PBXNativeTarget "NTsocialMeshLink" */;
			buildPhases = (
				A50000000000000000000001 /* Build MeshLinkKit */,
				A50000000000000000000002 /* Sources */,
				A50000000000000000000003 /* Frameworks */,
				A50000000000000000000004 /* Resources */,
			);
			buildRules = (
			);
			dependencies = (
			);
			name = NTsocialMeshLink;
			productName = NTsocialMeshLink;
			productReference = A30000000000000000000005 /* NTsocial MeshLink.app */;
			productType = "com.apple.product-type.application";
		};
/* End PBXNativeTarget section */

/* Begin PBXProject section */
		A00000000000000000000001 /* Project object */ = {
			isa = PBXProject;
			attributes = {
				BuildIndependentTargetsInParallel = 1;
				LastSwiftUpdateCheck = 2660;
				LastUpgradeCheck = 2660;
				TargetAttributes = {
					A10000000000000000000001 = {
						CreatedOnToolsVersion = 26.0;
						SystemCapabilities = {
							com.apple.ApplicationGroups.iOS = {
								enabled = 1;
							};
							com.apple.Keychain = {
								enabled = 1;
							};
						};
					};
				};
			};
			buildConfigurationList = A70000000000000000000001 /* Build configuration list for PBXProject "NTsocialMeshLink" */;
			compatibilityVersion = "Xcode 14.0";
			developmentRegion = en;
			hasScannedForEncodings = 0;
			knownRegions = (
				en,
				ja,
				Base,
				"zh-Hant",
			);
			mainGroup = A20000000000000000000001;
			productRefGroup = A20000000000000000000002 /* Products */;
			projectDirPath = "";
			projectRoot = "";
			targets = (
				A10000000000000000000001 /* NTsocialMeshLink */,
			);
		};
/* End PBXProject section */

/* Begin PBXResourcesBuildPhase section */
		A50000000000000000000004 /* Resources */ = {
			isa = PBXResourcesBuildPhase;
			buildActionMask = 2147483647;
			files = (
				A40000000000000000000005 /* PrivacyInfo.xcprivacy in Resources */,
				A40000000000000000000006 /* Assets.xcassets in Resources */,
				A40000000000000000000007 /* InfoPlist.strings in Resources */,
			);
			runOnlyForDeploymentPostprocessing = 0;
		};
/* End PBXResourcesBuildPhase section */

/* Begin PBXShellScriptBuildPhase section */
		A50000000000000000000001 /* Build MeshLinkKit */ = {
			isa = PBXShellScriptBuildPhase;
			alwaysOutOfDate = 1;
			buildActionMask = 2147483647;
			files = (
			);
			inputFileListPaths = (
			);
			inputPaths = (
			);
			name = "Build MeshLinkKit";
			outputFileListPaths = (
			);
			outputPaths = (
			);
			runOnlyForDeploymentPostprocessing = 0;
			shellPath = /bin/sh;
			shellScript = "set -e\ncd \"$SRCROOT/..\"\n./gradlew :ios:runtime:embedAndSignAppleFrameworkForXcode\n\"$SRCROOT/Tools/normalize_skiko_icu_archive.sh\" \"$BUILT_PRODUCTS_DIR/MeshLinkKit.framework/MeshLinkKit\" \"$IPHONEOS_DEPLOYMENT_TARGET\" \"$PLATFORM_NAME\"\n";
			showEnvVarsInLog = 0;
		};
/* End PBXShellScriptBuildPhase section */

/* Begin PBXSourcesBuildPhase section */
		A50000000000000000000002 /* Sources */ = {
			isa = PBXSourcesBuildPhase;
			buildActionMask = 2147483647;
			files = (
				A40000000000000000000001 /* NTsocialMeshLinkApp.swift in Sources */,
				A40000000000000000000002 /* ComposeRootView.swift in Sources */,
				A40000000000000000000008 /* BarcodeScannerHost.swift in Sources */,
				A40000000000000000000004 /* AppleGatewayBootstrap.swift in Sources */,
			);
			runOnlyForDeploymentPostprocessing = 0;
		};
/* End PBXSourcesBuildPhase section */

/* Begin XCBuildConfiguration section */
		A60000000000000000000001 /* Debug */ = {
			isa = XCBuildConfiguration;
			buildSettings = {
				ALWAYS_SEARCH_USER_PATHS = NO;
				CLANG_ANALYZER_NONNULL = YES;
				CLANG_ENABLE_MODULES = YES;
				CLANG_ENABLE_OBJC_ARC = YES;
				COPY_PHASE_STRIP = NO;
				DEBUG_INFORMATION_FORMAT = dwarf;
				ENABLE_TESTABILITY = YES;
				GCC_C_LANGUAGE_STANDARD = gnu17;
				GCC_OPTIMIZATION_LEVEL = 0;
				GCC_PREPROCESSOR_DEFINITIONS = (
					"DEBUG=1",
					"$(inherited)",
				);
				IPHONEOS_DEPLOYMENT_TARGET = 17.0;
				MTL_ENABLE_DEBUG_INFO = INCLUDE_SOURCE;
				ONLY_ACTIVE_ARCH = YES;
				SDKROOT = iphoneos;
				SWIFT_ACTIVE_COMPILATION_CONDITIONS = "DEBUG $(inherited)";
				SWIFT_OPTIMIZATION_LEVEL = "-Onone";
			};
			name = Debug;
		};
		A60000000000000000000002 /* Release */ = {
			isa = XCBuildConfiguration;
			buildSettings = {
				ALWAYS_SEARCH_USER_PATHS = NO;
				CLANG_ANALYZER_NONNULL = YES;
				CLANG_ENABLE_MODULES = YES;
				CLANG_ENABLE_OBJC_ARC = YES;
				COPY_PHASE_STRIP = YES;
				DEBUG_INFORMATION_FORMAT = "dwarf-with-dsym";
				ENABLE_NS_ASSERTIONS = NO;
				GCC_C_LANGUAGE_STANDARD = gnu17;
				IPHONEOS_DEPLOYMENT_TARGET = 17.0;
				MTL_ENABLE_DEBUG_INFO = NO;
				SDKROOT = iphoneos;
				SWIFT_COMPILATION_MODE = wholemodule;
		};
			name = Release;
		};
		A60000000000000000000003 /* Debug */ = {
			isa = XCBuildConfiguration;
			baseConfigurationReference = A3000000000000000000000F /* Signing.xcconfig */;
			buildSettings = {
				ARCHS = arm64;
				ASSETCATALOG_COMPILER_APPICON_NAME = AppIcon;
				CODE_SIGN_ENTITLEMENTS = NTsocialMeshLink/NTsocialMeshLink.entitlements;
				CODE_SIGN_STYLE = Automatic;
				CURRENT_PROJECT_VERSION = 1;
				DEVELOPMENT_TEAM = "$(NTSOCIAL_DEVELOPMENT_TEAM)";
				DEVELOPMENT_ASSET_PATHS = "";
				ENABLE_PREVIEWS = YES;
				ENABLE_USER_SCRIPT_SANDBOXING = NO;
				FRAMEWORK_SEARCH_PATHS = "$(inherited)";
				GENERATE_INFOPLIST_FILE = NO;
				INFOPLIST_FILE = NTsocialMeshLink/Info.plist;
				IPHONEOS_DEPLOYMENT_TARGET = 17.0;
				LD_RUNPATH_SEARCH_PATHS = (
					"$(inherited)",
					"@executable_path/Frameworks",
				);
				MARKETING_VERSION = 1.0.0;
				OTHER_LDFLAGS = (
					"$(inherited)",
					"-framework",
					MeshLinkKit,
				);
				PRODUCT_BUNDLE_IDENTIFIER = com.ntsocial.meshlink.ios;
				PRODUCT_NAME = "NTsocial MeshLink";
				SUPPORTED_PLATFORMS = "iphoneos iphonesimulator";
				SUPPORTS_MACCATALYST = NO;
				SWIFT_EMIT_LOC_STRINGS = YES;
				SWIFT_VERSION = 5.0;
				TARGETED_DEVICE_FAMILY = "1,2";
			};
			name = Debug;
		};
		A60000000000000000000004 /* Release */ = {
			isa = XCBuildConfiguration;
			baseConfigurationReference = A3000000000000000000000F /* Signing.xcconfig */;
			buildSettings = {
				ARCHS = arm64;
				ASSETCATALOG_COMPILER_APPICON_NAME = AppIcon;
				CODE_SIGN_ENTITLEMENTS = NTsocialMeshLink/NTsocialMeshLink.entitlements;
				CODE_SIGN_STYLE = Automatic;
				CURRENT_PROJECT_VERSION = 1;
				DEVELOPMENT_TEAM = "$(NTSOCIAL_DEVELOPMENT_TEAM)";
				ENABLE_USER_SCRIPT_SANDBOXING = NO;
				FRAMEWORK_SEARCH_PATHS = "$(inherited)";
				GENERATE_INFOPLIST_FILE = NO;
				INFOPLIST_FILE = NTsocialMeshLink/Info.plist;
				IPHONEOS_DEPLOYMENT_TARGET = 17.0;
				LD_RUNPATH_SEARCH_PATHS = (
					"$(inherited)",
					"@executable_path/Frameworks",
				);
				MARKETING_VERSION = 1.0.0;
				OTHER_LDFLAGS = (
					"$(inherited)",
					"-framework",
					MeshLinkKit,
				);
				PRODUCT_BUNDLE_IDENTIFIER = com.ntsocial.meshlink.ios;
				PRODUCT_NAME = "NTsocial MeshLink";
				SUPPORTED_PLATFORMS = "iphoneos iphonesimulator";
				SUPPORTS_MACCATALYST = NO;
				SWIFT_EMIT_LOC_STRINGS = YES;
				SWIFT_VERSION = 5.0;
				TARGETED_DEVICE_FAMILY = "1,2";
			};
			name = Release;
		};
/* End XCBuildConfiguration section */

/* Begin XCConfigurationList section */
		A70000000000000000000001 /* Build configuration list for PBXProject "NTsocialMeshLink" */ = {
			isa = XCConfigurationList;
			buildConfigurations = (
				A60000000000000000000001 /* Debug */,
				A60000000000000000000002 /* Release */,
			);
			defaultConfigurationIsVisible = 0;
			defaultConfigurationName = Release;
		};
		A70000000000000000000002 /* Build configuration list for PBXNativeTarget "NTsocialMeshLink" */ = {
			isa = XCConfigurationList;
			buildConfigurations = (
				A60000000000000000000003 /* Debug */,
				A60000000000000000000004 /* Release */,
			);
			defaultConfigurationIsVisible = 0;
			defaultConfigurationName = Release;
		};
/* End XCConfigurationList section */
	};
	rootObject = A00000000000000000000001 /* Project object */;
}
